PODS:
  - CardParts (2.7.4):
    - RxCocoa (~> 4.4)
    - RxDataSources (~> 3.1)
    - RxGesture (~> 2.1)
    - RxSwift (~> 4.4)
  - Differentiator (3.1.0)
  - RxAtomic (4.4.1)
  - RxCocoa (4.4.1):
    - RxSwift (~> 4.0)
  - RxDataSources (3.1.0):
    - Differentiator (~> 3.0)
    - RxCocoa (~> 4.0)
    - RxSwift (~> 4.0)
  - RxGesture (2.1.0):
    - RxCocoa (~> 4.4.0)
    - RxSwift (~> 4.4.0)
  - RxSwift (4.4.1):
    - RxAtomic (~> 4.4)

DEPENDENCIES:
  - CardParts

SPEC REPOS:
  https://github.com/cocoapods/specs.git:
    - CardParts
    - Differentiator
    - RxAtomic
    - RxCocoa
    - RxDataSources
    - RxGesture
    - RxSwift

SPEC CHECKSUMS:
  CardParts: 33439d20e616a2da2bed3b26c611217afe96e67e
  Differentiator: be49ca3408f0ecfc761e4c7763d20c62be01b9ad
  RxAtomic: f8d6adc1ccb87a767811269e4875887bc74dbf19
  RxCocoa: 2f35a76bf8887872e28a1914112395b11b8e0e64
  RxDataSources: a843bad90c29817f5923ec8163f4af2de084ceb3
  RxGesture: 7f6dfb45dbde06e618c24442d38493e3144f2c95
  RxSwift: 92fcf68dfef21f3e2ab1965363d9e7b3d787597e

PODFILE CHECKSUM: 423913c640ff24f72614a7377e27a53d3f24153b

COCOAPODS: 1.6.0
